
Microsoft Visual Studio Solution File, Format Version 12.00
# Visual Studio Version 17
VisualStudioVersion = 17.2.32616.157
MinimumVisualStudioVersion = 10.0.40219.1
Project("{FAE04EC0-301F-11D3-BF4B-00C04F79EFBC}") = "InputProgram", "InputProgram\InputProgram.csproj", "{96065AFE-32ED-4C34-84C8-C95A3F1AD868}"
EndProject
Global
	GlobalSection(SolutionConfigurationPlatforms) = preSolution
		Debug|Any CPU = Debug|Any CPU
		Release|Any CPU = Release|Any CPU
	EndGlobalSection
	GlobalSection(ProjectConfigurationPlatforms) = postSolution
		{96065AFE-32ED-4C34-84C8-C95A3F1AD868}.Debug|Any CPU.ActiveCfg = Debug|Any CPU
		{96065AFE-32ED-4C34-84C8-C95A3F1AD868}.Debug|Any CPU.Build.0 = Debug|Any CPU
		{96065AFE-32ED-4C34-84C8-C95A3F1AD868}.Release|Any CPU.ActiveCfg = Release|Any CPU
		{96065AFE-32ED-4C34-84C8-C95A3F1AD868}.Release|Any CPU.Build.0 = Release|Any CPU
	EndGlobalSection
	GlobalSection(SolutionProperties) = preSolution
		HideSolutionNode = FALSE
	EndGlobalSection
	GlobalSection(ExtensibilityGlobals) = postSolution
		SolutionGuid = {97C9778C-C5D8-45CE-8494-54B8BC7CE287}
	EndGlobalSection
EndGlobal
